{
    "requires": true,
    "lockfileVersion": 1,
    "dependencies": {
        "sweetalert2": {
            "version": "8.12.0",
            "resolved": "https://registry.npmjs.org/sweetalert2/-/sweetalert2-8.12.0.tgz",
            "integrity": "sha512-xeNzODYGPf+btzibAKmKyzRVSDVsdqwk9h7a1bXTLOIbhAvPmkRF1e8Ys17/ZNqr9Cl46wxlVZ9ByUbDkayq+g=="
        }
    }
}
